// !$*UTF8*$!
{
	archiveVersion = 1;
	classes = {
	};
	objectVersion = 52;
	objects = {

/* Begin PBXBuildFile section */
		E52C92A8269449AE0076325A /* CoinListResponse.swift in Sources */ = {isa = PBXBuildFile; fileRef = E52C92A7269449AE0076325A /* CoinListResponse.swift */; };
		E52C92AD26944C6B0076325A /* CoinResponse.swift in Sources */ = {isa = PBXBuildFile; fileRef = E52C92AC26944C6B0076325A /* CoinResponse.swift */; };
		E52C92B326944DFD0076325A /* CoinListController.swift in Sources */ = {isa = PBXBuildFile; fileRef = E52C92B226944DFD0076325A /* CoinListController.swift */; };
		E52C92BF269461B80076325A /* CoinListView.swift in Sources */ = {isa = PBXBuildFile; fileRef = E52C92BE269461B80076325A /* CoinListView.swift */; };
		E52C92C4269461D60076325A /* CoinCell.swift in Sources */ = {isa = PBXBuildFile; fileRef = E52C92C3269461D60076325A /* CoinCell.swift */; };
		E52C92CA269497020076325A /* bell.json in Resources */ = {isa = PBXBuildFile; fileRef = E52C92C9269497020076325A /* bell.json */; };
		E52C92D02694976B0076325A /* Lottie in Frameworks */ = {isa = PBXBuildFile; productRef = E52C92CF2694976B0076325A /* Lottie */; };
		E52C92D526949A370076325A /* error.json in Resources */ = {isa = PBXBuildFile; fileRef = E52C92D426949A370076325A /* error.json */; };
		E52C92DA2694A6060076325A /* GeneralEndpoint.swift in Sources */ = {isa = PBXBuildFile; fileRef = E52C92D92694A6060076325A /* GeneralEndpoint.swift */; };
		E52C92DF2694A7F40076325A /* GeneralCoinResponse.swift in Sources */ = {isa = PBXBuildFile; fileRef = E52C92DE2694A7F40076325A /* GeneralCoinResponse.swift */; };
		E52C92E426957EE70076325A /* CoinListInteractor.swift in Sources */ = {isa = PBXBuildFile; fileRef = E52C92E326957EE70076325A /* CoinListInteractor.swift */; };
		E52C92E926957F290076325A /* CoinListDataFlow.swift in Sources */ = {isa = PBXBuildFile; fileRef = E52C92E826957F290076325A /* CoinListDataFlow.swift */; };
		E52C92EE269580710076325A /* CoinListPresenter.swift in Sources */ = {isa = PBXBuildFile; fileRef = E52C92ED269580710076325A /* CoinListPresenter.swift */; };
		E52C92F3269581110076325A /* CoinListBuilder.swift in Sources */ = {isa = PBXBuildFile; fileRef = E52C92F2269581110076325A /* CoinListBuilder.swift */; };
		E52C92F92695828A0076325A /* CoinListProvider.swift in Sources */ = {isa = PBXBuildFile; fileRef = E52C92F82695828A0076325A /* CoinListProvider.swift */; };
		E52C92FE269582FB0076325A /* CoinListDataStore.swift in Sources */ = {isa = PBXBuildFile; fileRef = E52C92FD269582FB0076325A /* CoinListDataStore.swift */; };
		E52C9303269584BA0076325A /* CoinListService.swift in Sources */ = {isa = PBXBuildFile; fileRef = E52C9302269584BA0076325A /* CoinListService.swift */; };
		E52C93152695A3C30076325A /* GeneralCoinListResponse.swift in Sources */ = {isa = PBXBuildFile; fileRef = E52C93142695A3C30076325A /* GeneralCoinListResponse.swift */; };
		E52C931A2695A4920076325A /* CoinListViewModel.swift in Sources */ = {isa = PBXBuildFile; fileRef = E52C93192695A4920076325A /* CoinListViewModel.swift */; };
		E52C932026965A450076325A /* MainDataStore.swift in Sources */ = {isa = PBXBuildFile; fileRef = E52C931F26965A450076325A /* MainDataStore.swift */; };
		E52C932826965F520076325A /* MainDataFlow.swift in Sources */ = {isa = PBXBuildFile; fileRef = E52C932726965F520076325A /* MainDataFlow.swift */; };
		E52C932D26965F8A0076325A /* MainInteractor.swift in Sources */ = {isa = PBXBuildFile; fileRef = E52C932C26965F8A0076325A /* MainInteractor.swift */; };
		E52C9342269664830076325A /* MainPresenter.swift in Sources */ = {isa = PBXBuildFile; fileRef = E52C9341269664830076325A /* MainPresenter.swift */; };
		E52C93472696653F0076325A /* MainBuilder.swift in Sources */ = {isa = PBXBuildFile; fileRef = E52C93462696653F0076325A /* MainBuilder.swift */; };
		E52C934F2696682A0076325A /* WarningView.swift in Sources */ = {isa = PBXBuildFile; fileRef = E52C934E2696682A0076325A /* WarningView.swift */; };
		E52C9357269673850076325A /* MainView.swift in Sources */ = {isa = PBXBuildFile; fileRef = E52C9356269673850076325A /* MainView.swift */; };
		E52C935C2696DBFA0076325A /* MainProvider.swift in Sources */ = {isa = PBXBuildFile; fileRef = E52C935B2696DBFA0076325A /* MainProvider.swift */; };
		E52C93612696E1F30076325A /* MainService.swift in Sources */ = {isa = PBXBuildFile; fileRef = E52C93602696E1F30076325A /* MainService.swift */; };
		E52C93662697130A0076325A /* PriceResponse.swift in Sources */ = {isa = PBXBuildFile; fileRef = E52C93652697130A0076325A /* PriceResponse.swift */; };
		E5509183269334E000BCE452 /* AppDelegate.swift in Sources */ = {isa = PBXBuildFile; fileRef = E5509182269334E000BCE452 /* AppDelegate.swift */; };
		E5509185269334E000BCE452 /* SceneDelegate.swift in Sources */ = {isa = PBXBuildFile; fileRef = E5509184269334E000BCE452 /* SceneDelegate.swift */; };
		E5509187269334E000BCE452 /* MainController.swift in Sources */ = {isa = PBXBuildFile; fileRef = E5509186269334E000BCE452 /* MainController.swift */; };
		E550918C269334E100BCE452 /* Assets.xcassets in Resources */ = {isa = PBXBuildFile; fileRef = E550918B269334E100BCE452 /* Assets.xcassets */; };
		E550918F269334E100BCE452 /* LaunchScreen.storyboard in Resources */ = {isa = PBXBuildFile; fileRef = E550918D269334E100BCE452 /* LaunchScreen.storyboard */; };
		E550919A269334E100BCE452 /* CryptoMeTests.swift in Sources */ = {isa = PBXBuildFile; fileRef = E5509199269334E100BCE452 /* CryptoMeTests.swift */; };
		E55091A5269334E100BCE452 /* CryptoMeUITests.swift in Sources */ = {isa = PBXBuildFile; fileRef = E55091A4269334E100BCE452 /* CryptoMeUITests.swift */; };
		E5D1EEA926933B2200B2D816 /* Moya in Frameworks */ = {isa = PBXBuildFile; productRef = E5D1EEA826933B2200B2D816 /* Moya */; };
		E5D1EEAB26933B2200B2D816 /* ReactiveMoya in Frameworks */ = {isa = PBXBuildFile; productRef = E5D1EEAA26933B2200B2D816 /* ReactiveMoya */; };
		E5D1EEAD26933B2200B2D816 /* RxMoya in Frameworks */ = {isa = PBXBuildFile; productRef = E5D1EEAC26933B2200B2D816 /* RxMoya */; };
		E5D1EEB3269341C700B2D816 /* Reqres in Frameworks */ = {isa = PBXBuildFile; productRef = E5D1EEB2269341C700B2D816 /* Reqres */; };
		E5D1EEB92693443F00B2D816 /* SnapKit in Frameworks */ = {isa = PBXBuildFile; productRef = E5D1EEB82693443F00B2D816 /* SnapKit */; };
		E5D1EEBF2693AB3A00B2D816 /* PriceEndpoint.swift in Sources */ = {isa = PBXBuildFile; fileRef = E5D1EEBE2693AB3A00B2D816 /* PriceEndpoint.swift */; };
		E5D1EEC726941F8700B2D816 /* ReqresSession.swift in Sources */ = {isa = PBXBuildFile; fileRef = E5D1EEC626941F8700B2D816 /* ReqresSession.swift */; };
		E5D1EECD2694237B00B2D816 /* BlockchainDataEndpoint.swift in Sources */ = {isa = PBXBuildFile; fileRef = E5D1EECC2694237B00B2D816 /* BlockchainDataEndpoint.swift */; };
		E5D1EED22694239E00B2D816 /* TargetType+.swift in Sources */ = {isa = PBXBuildFile; fileRef = E5D1EED12694239E00B2D816 /* TargetType+.swift */; };
/* End PBXBuildFile section */

/* Begin PBXContainerItemProxy section */
		E5509196269334E100BCE452 /* PBXContainerItemProxy */ = {
			isa = PBXContainerItemProxy;
			containerPortal = E5509177269334E000BCE452 /* Project object */;
			proxyType = 1;
			remoteGlobalIDString = E550917E269334E000BCE452;
			remoteInfo = CryptoMe;
		};
		E55091A1269334E100BCE452 /* PBXContainerItemProxy */ = {
			isa = PBXContainerItemProxy;
			containerPortal = E5509177269334E000BCE452 /* Project object */;
			proxyType = 1;
			remoteGlobalIDString = E550917E269334E000BCE452;
			remoteInfo = CryptoMe;
		};
/* End PBXContainerItemProxy section */

/* Begin PBXFileReference section */
		E52C92A7269449AE0076325A /* CoinListResponse.swift */ = {isa = PBXFileReference; lastKnownFileType = sourcecode.swift; path = CoinListResponse.swift; sourceTree = "<group>"; };
		E52C92AC26944C6B0076325A /* CoinResponse.swift */ = {isa = PBXFileReference; lastKnownFileType = sourcecode.swift; path = CoinResponse.swift; sourceTree = "<group>"; };
		E52C92B226944DFD0076325A /* CoinListController.swift */ = {isa = PBXFileReference; lastKnownFileType = sourcecode.swift; path = CoinListController.swift; sourceTree = "<group>"; };
		E52C92BE269461B80076325A /* CoinListView.swift */ = {isa = PBXFileReference; lastKnownFileType = sourcecode.swift; path = CoinListView.swift; sourceTree = "<group>"; };
		E52C92C3269461D60076325A /* CoinCell.swift */ = {isa = PBXFileReference; lastKnownFileType = sourcecode.swift; path = CoinCell.swift; sourceTree = "<group>"; };
		E52C92C9269497020076325A /* bell.json */ = {isa = PBXFileReference; fileEncoding = 4; lastKnownFileType = text.json; path = bell.json; sourceTree = "<group>"; };
		E52C92D426949A370076325A /* error.json */ = {isa = PBXFileReference; fileEncoding = 4; lastKnownFileType = text.json; path = error.json; sourceTree = "<group>"; };
		E52C92D92694A6060076325A /* GeneralEndpoint.swift */ = {isa = PBXFileReference; lastKnownFileType = sourcecode.swift; path = GeneralEndpoint.swift; sourceTree = "<group>"; };
		E52C92DE2694A7F40076325A /* GeneralCoinResponse.swift */ = {isa = PBXFileReference; lastKnownFileType = sourcecode.swift; path = GeneralCoinResponse.swift; sourceTree = "<group>"; };
		E52C92E326957EE70076325A /* CoinListInteractor.swift */ = {isa = PBXFileReference; lastKnownFileType = sourcecode.swift; path = CoinListInteractor.swift; sourceTree = "<group>"; };
		E52C92E826957F290076325A /* CoinListDataFlow.swift */ = {isa = PBXFileReference; lastKnownFileType = sourcecode.swift; path = CoinListDataFlow.swift; sourceTree = "<group>"; };
		E52C92ED269580710076325A /* CoinListPresenter.swift */ = {isa = PBXFileReference; lastKnownFileType = sourcecode.swift; path = CoinListPresenter.swift; sourceTree = "<group>"; };
		E52C92F2269581110076325A /* CoinListBuilder.swift */ = {isa = PBXFileReference; lastKnownFileType = sourcecode.swift; path = CoinListBuilder.swift; sourceTree = "<group>"; };
		E52C92F82695828A0076325A /* CoinListProvider.swift */ = {isa = PBXFileReference; lastKnownFileType = sourcecode.swift; path = CoinListProvider.swift; sourceTree = "<group>"; };
		E52C92FD269582FB0076325A /* CoinListDataStore.swift */ = {isa = PBXFileReference; lastKnownFileType = sourcecode.swift; path = CoinListDataStore.swift; sourceTree = "<group>"; };
		E52C9302269584BA0076325A /* CoinListService.swift */ = {isa = PBXFileReference; lastKnownFileType = sourcecode.swift; path = CoinListService.swift; sourceTree = "<group>"; };
		E52C93142695A3C30076325A /* GeneralCoinListResponse.swift */ = {isa = PBXFileReference; lastKnownFileType = sourcecode.swift; path = GeneralCoinListResponse.swift; sourceTree = "<group>"; };
		E52C93192695A4920076325A /* CoinListViewModel.swift */ = {isa = PBXFileReference; lastKnownFileType = sourcecode.swift; path = CoinListViewModel.swift; sourceTree = "<group>"; };
		E52C931F26965A450076325A /* MainDataStore.swift */ = {isa = PBXFileReference; lastKnownFileType = sourcecode.swift; path = MainDataStore.swift; sourceTree = "<group>"; };
		E52C932726965F520076325A /* MainDataFlow.swift */ = {isa = PBXFileReference; lastKnownFileType = sourcecode.swift; path = MainDataFlow.swift; sourceTree = "<group>"; };
		E52C932C26965F8A0076325A /* MainInteractor.swift */ = {isa = PBXFileReference; lastKnownFileType = sourcecode.swift; path = MainInteractor.swift; sourceTree = "<group>"; };
		E52C9341269664830076325A /* MainPresenter.swift */ = {isa = PBXFileReference; lastKnownFileType = sourcecode.swift; path = MainPresenter.swift; sourceTree = "<group>"; };
		E52C93462696653F0076325A /* MainBuilder.swift */ = {isa = PBXFileReference; lastKnownFileType = sourcecode.swift; path = MainBuilder.swift; sourceTree = "<group>"; };
		E52C934E2696682A0076325A /* WarningView.swift */ = {isa = PBXFileReference; lastKnownFileType = sourcecode.swift; path = WarningView.swift; sourceTree = "<group>"; };
		E52C9356269673850076325A /* MainView.swift */ = {isa = PBXFileReference; lastKnownFileType = sourcecode.swift; path = MainView.swift; sourceTree = "<group>"; };
		E52C935B2696DBFA0076325A /* MainProvider.swift */ = {isa = PBXFileReference; lastKnownFileType = sourcecode.swift; path = MainProvider.swift; sourceTree = "<group>"; };
		E52C93602696E1F30076325A /* MainService.swift */ = {isa = PBXFileReference; lastKnownFileType = sourcecode.swift; path = MainService.swift; sourceTree = "<group>"; };
		E52C93652697130A0076325A /* PriceResponse.swift */ = {isa = PBXFileReference; lastKnownFileType = sourcecode.swift; path = PriceResponse.swift; sourceTree = "<group>"; };
		E550917F269334E000BCE452 /* CryptoMe.app */ = {isa = PBXFileReference; explicitFileType = wrapper.application; includeInIndex = 0; path = CryptoMe.app; sourceTree = BUILT_PRODUCTS_DIR; };
		E5509182269334E000BCE452 /* AppDelegate.swift */ = {isa = PBXFileReference; lastKnownFileType = sourcecode.swift; path = AppDelegate.swift; sourceTree = "<group>"; };
		E5509184269334E000BCE452 /* SceneDelegate.swift */ = {isa = PBXFileReference; lastKnownFileType = sourcecode.swift; path = SceneDelegate.swift; sourceTree = "<group>"; };
		E5509186269334E000BCE452 /* MainController.swift */ = {isa = PBXFileReference; lastKnownFileType = sourcecode.swift; path = MainController.swift; sourceTree = "<group>"; };
		E550918B269334E100BCE452 /* Assets.xcassets */ = {isa = PBXFileReference; lastKnownFileType = folder.assetcatalog; path = Assets.xcassets; sourceTree = "<group>"; };
		E550918E269334E100BCE452 /* Base */ = {isa = PBXFileReference; lastKnownFileType = file.storyboard; name = Base; path = Base.lproj/LaunchScreen.storyboard; sourceTree = "<group>"; };
		E5509190269334E100BCE452 /* Info.plist */ = {isa = PBXFileReference; lastKnownFileType = text.plist.xml; path = Info.plist; sourceTree = "<group>"; };
		E5509195269334E100BCE452 /* CryptoMeTests.xctest */ = {isa = PBXFileReference; explicitFileType = wrapper.cfbundle; includeInIndex = 0; path = CryptoMeTests.xctest; sourceTree = BUILT_PRODUCTS_DIR; };
		E5509199269334E100BCE452 /* CryptoMeTests.swift */ = {isa = PBXFileReference; lastKnownFileType = sourcecode.swift; path = CryptoMeTests.swift; sourceTree = "<group>"; };
		E550919B269334E100BCE452 /* Info.plist */ = {isa = PBXFileReference; lastKnownFileType = text.plist.xml; path = Info.plist; sourceTree = "<group>"; };
		E55091A0269334E100BCE452 /* CryptoMeUITests.xctest */ = {isa = PBXFileReference; explicitFileType = wrapper.cfbundle; includeInIndex = 0; path = CryptoMeUITests.xctest; sourceTree = BUILT_PRODUCTS_DIR; };
		E55091A4269334E100BCE452 /* CryptoMeUITests.swift */ = {isa = PBXFileReference; lastKnownFileType = sourcecode.swift; path = CryptoMeUITests.swift; sourceTree = "<group>"; };
		E55091A6269334E100BCE452 /* Info.plist */ = {isa = PBXFileReference; lastKnownFileType = text.plist.xml; path = Info.plist; sourceTree = "<group>"; };
		E5D1EEBE2693AB3A00B2D816 /* PriceEndpoint.swift */ = {isa = PBXFileReference; lastKnownFileType = sourcecode.swift; path = PriceEndpoint.swift; sourceTree = "<group>"; };
		E5D1EEC626941F8700B2D816 /* ReqresSession.swift */ = {isa = PBXFileReference; lastKnownFileType = sourcecode.swift; path = ReqresSession.swift; sourceTree = "<group>"; };
		E5D1EECC2694237B00B2D816 /* BlockchainDataEndpoint.swift */ = {isa = PBXFileReference; lastKnownFileType = sourcecode.swift; path = BlockchainDataEndpoint.swift; sourceTree = "<group>"; };
		E5D1EED12694239E00B2D816 /* TargetType+.swift */ = {isa = PBXFileReference; lastKnownFileType = sourcecode.swift; path = "TargetType+.swift"; sourceTree = "<group>"; };
/* End PBXFileReference section */

/* Begin PBXFrameworksBuildPhase section */
		E550917C269334E000BCE452 /* Frameworks */ = {
			isa = PBXFrameworksBuildPhase;
			buildActionMask = 2147483647;
			files = (
				E5D1EEB3269341C700B2D816 /* Reqres in Frameworks */,
				E5D1EEAD26933B2200B2D816 /* RxMoya in Frameworks */,
				E5D1EEA926933B2200B2D816 /* Moya in Frameworks */,
				E5D1EEAB26933B2200B2D816 /* ReactiveMoya in Frameworks */,
				E5D1EEB92693443F00B2D816 /* SnapKit in Frameworks */,
				E52C92D02694976B0076325A /* Lottie in Frameworks */,
			);
			runOnlyForDeploymentPostprocessing = 0;
		};
		E5509192269334E100BCE452 /* Frameworks */ = {
			isa = PBXFrameworksBuildPhase;
			buildActionMask = 2147483647;
			files = (
			);
			runOnlyForDeploymentPostprocessing = 0;
		};
		E550919D269334E100BCE452 /* Frameworks */ = {
			isa = PBXFrameworksBuildPhase;
			buildActionMask = 2147483647;
			files = (
			);
			runOnlyForDeploymentPostprocessing = 0;
		};
/* End PBXFrameworksBuildPhase section */

/* Begin PBXGroup section */
		E52C92B126944DE70076325A /* Coin List */ = {
			isa = PBXGroup;
			children = (
				E52C92F7269582660076325A /* Provider */,
				E52C92BA26945EF10076325A /* View */,
				E52C92B226944DFD0076325A /* CoinListController.swift */,
				E52C92E326957EE70076325A /* CoinListInteractor.swift */,
				E52C92E826957F290076325A /* CoinListDataFlow.swift */,
				E52C92ED269580710076325A /* CoinListPresenter.swift */,
				E52C92F2269581110076325A /* CoinListBuilder.swift */,
				E52C93192695A4920076325A /* CoinListViewModel.swift */,
			);
			path = "Coin List";
			sourceTree = "<group>";
		};
		E52C92BA26945EF10076325A /* View */ = {
			isa = PBXGroup;
			children = (
				E52C92BE269461B80076325A /* CoinListView.swift */,
			);
			path = View;
			sourceTree = "<group>";
		};
		E52C92C8269496B00076325A /* Animation */ = {
			isa = PBXGroup;
			children = (
				E52C92D426949A370076325A /* error.json */,
				E52C92C9269497020076325A /* bell.json */,
			);
			path = Animation;
			sourceTree = "<group>";
		};
		E52C92F7269582660076325A /* Provider */ = {
			isa = PBXGroup;
			children = (
				E52C92F82695828A0076325A /* CoinListProvider.swift */,
				E52C92FD269582FB0076325A /* CoinListDataStore.swift */,
				E52C9302269584BA0076325A /* CoinListService.swift */,
			);
			path = Provider;
			sourceTree = "<group>";
		};
		E52C931E269659F60076325A /* Provider */ = {
			isa = PBXGroup;
			children = (
				E52C931F26965A450076325A /* MainDataStore.swift */,
				E52C935B2696DBFA0076325A /* MainProvider.swift */,
				E52C93602696E1F30076325A /* MainService.swift */,
			);
			path = Provider;
			sourceTree = "<group>";
		};
		E52C934B269665DC0076325A /* View */ = {
			isa = PBXGroup;
			children = (
				E52C92C3269461D60076325A /* CoinCell.swift */,
				E52C9356269673850076325A /* MainView.swift */,
			);
			path = View;
			sourceTree = "<group>";
		};
		E52C934C269666D40076325A /* Components */ = {
			isa = PBXGroup;
			children = (
				E52C934D269667970076325A /* View */,
			);
			path = Components;
			sourceTree = "<group>";
		};
		E52C934D269667970076325A /* View */ = {
			isa = PBXGroup;
			children = (
				E52C934E2696682A0076325A /* WarningView.swift */,
			);
			path = View;
			sourceTree = "<group>";
		};
		E5509176269334E000BCE452 = {
			isa = PBXGroup;
			children = (
				E5509181269334E000BCE452 /* CryptoMe */,
				E5509198269334E100BCE452 /* CryptoMeTests */,
				E55091A3269334E100BCE452 /* CryptoMeUITests */,
				E5509180269334E000BCE452 /* Products */,
			);
			sourceTree = "<group>";
		};
		E5509180269334E000BCE452 /* Products */ = {
			isa = PBXGroup;
			children = (
				E550917F269334E000BCE452 /* CryptoMe.app */,
				E5509195269334E100BCE452 /* CryptoMeTests.xctest */,
				E55091A0269334E100BCE452 /* CryptoMeUITests.xctest */,
			);
			name = Products;
			sourceTree = "<group>";
		};
		E5509181269334E000BCE452 /* CryptoMe */ = {
			isa = PBXGroup;
			children = (
				E52C934C269666D40076325A /* Components */,
				E52C92C8269496B00076325A /* Animation */,
				E5D1EEA626933A4900B2D816 /* Networking */,
				E5DDC3FB269338C000ED73D0 /* Scenes */,
				E55091B8269335EB00BCE452 /* app */,
			);
			path = CryptoMe;
			sourceTree = "<group>";
		};
		E5509198269334E100BCE452 /* CryptoMeTests */ = {
			isa = PBXGroup;
			children = (
				E5509199269334E100BCE452 /* CryptoMeTests.swift */,
				E550919B269334E100BCE452 /* Info.plist */,
			);
			path = CryptoMeTests;
			sourceTree = "<group>";
		};
		E55091A3269334E100BCE452 /* CryptoMeUITests */ = {
			isa = PBXGroup;
			children = (
				E55091A4269334E100BCE452 /* CryptoMeUITests.swift */,
				E55091A6269334E100BCE452 /* Info.plist */,
			);
			path = CryptoMeUITests;
			sourceTree = "<group>";
		};
		E55091B8269335EB00BCE452 /* app */ = {
			isa = PBXGroup;
			children = (
				E5509190269334E100BCE452 /* Info.plist */,
				E550918D269334E100BCE452 /* LaunchScreen.storyboard */,
				E550918B269334E100BCE452 /* Assets.xcassets */,
				E5509184269334E000BCE452 /* SceneDelegate.swift */,
				E5509182269334E000BCE452 /* AppDelegate.swift */,
			);
			path = app;
			sourceTree = "<group>";
		};
		E5D1EEA626933A4900B2D816 /* Networking */ = {
			isa = PBXGroup;
			children = (
				E5D1EECB2694228D00B2D816 /* Model */,
				E5D1EEBD2693A8DD00B2D816 /* Endpoints */,
				E5D1EEC626941F8700B2D816 /* ReqresSession.swift */,
				E5D1EED12694239E00B2D816 /* TargetType+.swift */,
			);
			path = Networking;
			sourceTree = "<group>";
		};
		E5D1EEBD2693A8DD00B2D816 /* Endpoints */ = {
			isa = PBXGroup;
			children = (
				E5D1EEBE2693AB3A00B2D816 /* PriceEndpoint.swift */,
				E5D1EECC2694237B00B2D816 /* BlockchainDataEndpoint.swift */,
				E52C92D92694A6060076325A /* GeneralEndpoint.swift */,
			);
			path = Endpoints;
			sourceTree = "<group>";
		};
		E5D1EECB2694228D00B2D816 /* Model */ = {
			isa = PBXGroup;
			children = (
				E52C92A7269449AE0076325A /* CoinListResponse.swift */,
				E52C92AC26944C6B0076325A /* CoinResponse.swift */,
				E52C92DE2694A7F40076325A /* GeneralCoinResponse.swift */,
				E52C93142695A3C30076325A /* GeneralCoinListResponse.swift */,
				E52C93652697130A0076325A /* PriceResponse.swift */,
			);
			path = Model;
			sourceTree = "<group>";
		};
		E5DDC3FB269338C000ED73D0 /* Scenes */ = {
			isa = PBXGroup;
			children = (
				E52C92B126944DE70076325A /* Coin List */,
				E5DDC3FC269338C800ED73D0 /* Main */,
			);
			path = Scenes;
			sourceTree = "<group>";
		};
		E5DDC3FC269338C800ED73D0 /* Main */ = {
			isa = PBXGroup;
			children = (
				E52C931E269659F60076325A /* Provider */,
				E52C934B269665DC0076325A /* View */,
				E5509186269334E000BCE452 /* MainController.swift */,
				E52C932C26965F8A0076325A /* MainInteractor.swift */,
				E52C932726965F520076325A /* MainDataFlow.swift */,
				E52C9341269664830076325A /* MainPresenter.swift */,
				E52C93462696653F0076325A /* MainBuilder.swift */,
			);
			path = Main;
			sourceTree = "<group>";
		};
/* End PBXGroup section */

/* Begin PBXNativeTarget section */
		E550917E269334E000BCE452 /* CryptoMe */ = {
			isa = PBXNativeTarget;
			buildConfigurationList = E55091A9269334E100BCE452 /* Build configuration list for PBXNativeTarget "CryptoMe" */;
			buildPhases = (
				E550917B269334E000BCE452 /* Sources */,
				E550917C269334E000BCE452 /* Frameworks */,
				E550917D269334E000BCE452 /* Resources */,
			);
			buildRules = (
			);
			dependencies = (
			);
			name = CryptoMe;
			packageProductDependencies = (
				E5D1EEA826933B2200B2D816 /* Moya */,
				E5D1EEAA26933B2200B2D816 /* ReactiveMoya */,
				E5D1EEAC26933B2200B2D816 /* RxMoya */,
				E5D1EEB2269341C700B2D816 /* Reqres */,
				E5D1EEB82693443F00B2D816 /* SnapKit */,
				E52C92CF2694976B0076325A /* Lottie */,
			);
			productName = CryptoMe;
			productReference = E550917F269334E000BCE452 /* CryptoMe.app */;
			productType = "com.apple.product-type.application";
		};
		E5509194269334E100BCE452 /* CryptoMeTests */ = {
			isa = PBXNativeTarget;
			buildConfigurationList = E55091AC269334E100BCE452 /* Build configuration list for PBXNativeTarget "CryptoMeTests" */;
			buildPhases = (
				E5509191269334E100BCE452 /* Sources */,
				E5509192269334E100BCE452 /* Frameworks */,
				E5509193269334E100BCE452 /* Resources */,
			);
			buildRules = (
			);
			dependencies = (
				E5509197269334E100BCE452 /* PBXTargetDependency */,
			);
			name = CryptoMeTests;
			productName = CryptoMeTests;
			productReference = E5509195269334E100BCE452 /* CryptoMeTests.xctest */;
			productType = "com.apple.product-type.bundle.unit-test";
		};
		E550919F269334E100BCE452 /* CryptoMeUITests */ = {
			isa = PBXNativeTarget;
			buildConfigurationList = E55091AF269334E100BCE452 /* Build configuration list for PBXNativeTarget "CryptoMeUITests" */;
			buildPhases = (
				E550919C269334E100BCE452 /* Sources */,
				E550919D269334E100BCE452 /* Frameworks */,
				E550919E269334E100BCE452 /* Resources */,
			);
			buildRules = (
			);
			dependencies = (
				E55091A2269334E100BCE452 /* PBXTargetDependency */,
			);
			name = CryptoMeUITests;
			productName = CryptoMeUITests;
			productReference = E55091A0269334E100BCE452 /* CryptoMeUITests.xctest */;
			productType = "com.apple.product-type.bundle.ui-testing";
		};
/* End PBXNativeTarget section */

/* Begin PBXProject section */
		E5509177269334E000BCE452 /* Project object */ = {
			isa = PBXProject;
			attributes = {
				LastSwiftUpdateCheck = 1240;
				LastUpgradeCheck = 1240;
				TargetAttributes = {
					E550917E269334E000BCE452 = {
						CreatedOnToolsVersion = 12.4;
					};
					E5509194269334E100BCE452 = {
						CreatedOnToolsVersion = 12.4;
						TestTargetID = E550917E269334E000BCE452;
					};
					E550919F269334E100BCE452 = {
						CreatedOnToolsVersion = 12.4;
						TestTargetID = E550917E269334E000BCE452;
					};
				};
			};
			buildConfigurationList = E550917A269334E000BCE452 /* Build configuration list for PBXProject "CryptoMe" */;
			compatibilityVersion = "Xcode 9.3";
			developmentRegion = en;
			hasScannedForEncodings = 0;
			knownRegions = (
				en,
				Base,
			);
			mainGroup = E5509176269334E000BCE452;
			packageReferences = (
				E5D1EEA726933B2200B2D816 /* XCRemoteSwiftPackageReference "Moya" */,
				E5D1EEB1269341C700B2D816 /* XCRemoteSwiftPackageReference "Reqres" */,
				E5D1EEB72693443F00B2D816 /* XCRemoteSwiftPackageReference "SnapKit" */,
				E52C92CE2694976B0076325A /* XCRemoteSwiftPackageReference "lottie-ios" */,
			);
			productRefGroup = E5509180269334E000BCE452 /* Products */;
			projectDirPath = "";
			projectRoot = "";
			targets = (
				E550917E269334E000BCE452 /* CryptoMe */,
				E5509194269334E100BCE452 /* CryptoMeTests */,
				E550919F269334E100BCE452 /* CryptoMeUITests */,
			);
		};
/* End PBXProject section */

/* Begin PBXResourcesBuildPhase section */
		E550917D269334E000BCE452 /* Resources */ = {
			isa = PBXResourcesBuildPhase;
			buildActionMask = 2147483647;
			files = (
				E52C92D526949A370076325A /* error.json in Resources */,
				E52C92CA269497020076325A /* bell.json in Resources */,
				E550918F269334E100BCE452 /* LaunchScreen.storyboard in Resources */,
				E550918C269334E100BCE452 /* Assets.xcassets in Resources */,
			);
			runOnlyForDeploymentPostprocessing = 0;
		};
		E5509193269334E100BCE452 /* Resources */ = {
			isa = PBXResourcesBuildPhase;
			buildActionMask = 2147483647;
			files = (
			);
			runOnlyForDeploymentPostprocessing = 0;
		};
		E550919E269334E100BCE452 /* Resources */ = {
			isa = PBXResourcesBuildPhase;
			buildActionMask = 2147483647;
			files = (
			);
			runOnlyForDeploymentPostprocessing = 0;
		};
/* End PBXResourcesBuildPhase section */

/* Begin PBXSourcesBuildPhase section */
		E550917B269334E000BCE452 /* Sources */ = {
			isa = PBXSourcesBuildPhase;
			buildActionMask = 2147483647;
			files = (
				E52C93662697130A0076325A /* PriceResponse.swift in Sources */,
				E52C92F3269581110076325A /* CoinListBuilder.swift in Sources */,
				E52C92E426957EE70076325A /* CoinListInteractor.swift in Sources */,
				E52C93612696E1F30076325A /* MainService.swift in Sources */,
				E52C92DF2694A7F40076325A /* GeneralCoinResponse.swift in Sources */,
				E52C92EE269580710076325A /* CoinListPresenter.swift in Sources */,
				E52C9342269664830076325A /* MainPresenter.swift in Sources */,
				E52C9303269584BA0076325A /* CoinListService.swift in Sources */,
				E5509187269334E000BCE452 /* MainController.swift in Sources */,
				E5509183269334E000BCE452 /* AppDelegate.swift in Sources */,
				E52C92F92695828A0076325A /* CoinListProvider.swift in Sources */,
				E5D1EECD2694237B00B2D816 /* BlockchainDataEndpoint.swift in Sources */,
				E5D1EEBF2693AB3A00B2D816 /* PriceEndpoint.swift in Sources */,
				E52C932026965A450076325A /* MainDataStore.swift in Sources */,
				E52C92B326944DFD0076325A /* CoinListController.swift in Sources */,
				E52C9357269673850076325A /* MainView.swift in Sources */,
				E5D1EED22694239E00B2D816 /* TargetType+.swift in Sources */,
				E52C92E926957F290076325A /* CoinListDataFlow.swift in Sources */,
				E52C92BF269461B80076325A /* CoinListView.swift in Sources */,
				E52C93152695A3C30076325A /* GeneralCoinListResponse.swift in Sources */,
				E52C92A8269449AE0076325A /* CoinListResponse.swift in Sources */,
				E52C934F2696682A0076325A /* WarningView.swift in Sources */,
				E52C935C2696DBFA0076325A /* MainProvider.swift in Sources */,
				E52C92FE269582FB0076325A /* CoinListDataStore.swift in Sources */,
				E52C92AD26944C6B0076325A /* CoinResponse.swift in Sources */,
				E52C931A2695A4920076325A /* CoinListViewModel.swift in Sources */,
				E52C932826965F520076325A /* MainDataFlow.swift in Sources */,
				E5D1EEC726941F8700B2D816 /* ReqresSession.swift in Sources */,
				E52C92C4269461D60076325A /* CoinCell.swift in Sources */,
				E52C93472696653F0076325A /* MainBuilder.swift in Sources */,
				E5509185269334E000BCE452 /* SceneDelegate.swift in Sources */,
				E52C92DA2694A6060076325A /* GeneralEndpoint.swift in Sources */,
				E52C932D26965F8A0076325A /* MainInteractor.swift in Sources */,
			);
			runOnlyForDeploymentPostprocessing = 0;
		};
		E5509191269334E100BCE452 /* Sources */ = {
			isa = PBXSourcesBuildPhase;
			buildActionMask = 2147483647;
			files = (
				E550919A269334E100BCE452 /* CryptoMeTests.swift in Sources */,
			);
			runOnlyForDeploymentPostprocessing = 0;
		};
		E550919C269334E100BCE452 /* Sources */ = {
			isa = PBXSourcesBuildPhase;
			buildActionMask = 2147483647;
			files = (
				E55091A5269334E100BCE452 /* CryptoMeUITests.swift in Sources */,
			);
			runOnlyForDeploymentPostprocessing = 0;
		};
/* End PBXSourcesBuildPhase section */

/* Begin PBXTargetDependency section */
		E5509197269334E100BCE452 /* PBXTargetDependency */ = {
			isa = PBXTargetDependency;
			target = E550917E269334E000BCE452 /* CryptoMe */;
			targetProxy = E5509196269334E100BCE452 /* PBXContainerItemProxy */;
		};
		E55091A2269334E100BCE452 /* PBXTargetDependency */ = {
			isa = PBXTargetDependency;
			target = E550917E269334E000BCE452 /* CryptoMe */;
			targetProxy = E55091A1269334E100BCE452 /* PBXContainerItemProxy */;
		};
/* End PBXTargetDependency section */

/* Begin PBXVariantGroup section */
		E550918D269334E100BCE452 /* LaunchScreen.storyboard */ = {
			isa = PBXVariantGroup;
			children = (
				E550918E269334E100BCE452 /* Base */,
			);
			name = LaunchScreen.storyboard;
			sourceTree = "<group>";
		};
/* End PBXVariantGroup section */

/* Begin XCBuildConfiguration section */
		E55091A7269334E100BCE452 /* Debug */ = {
			isa = XCBuildConfiguration;
			buildSettings = {
				ALWAYS_SEARCH_USER_PATHS = NO;
				CLANG_ANALYZER_NONNULL = YES;
				CLANG_ANALYZER_NUMBER_OBJECT_CONVERSION = YES_AGGRESSIVE;
				CLANG_CXX_LANGUAGE_STANDARD = "gnu++14";
				CLANG_CXX_LIBRARY = "libc++";
				CLANG_ENABLE_MODULES = YES;
				CLANG_ENABLE_OBJC_ARC = YES;
				CLANG_ENABLE_OBJC_WEAK = YES;
				CLANG_WARN_BLOCK_CAPTURE_AUTORELEASING = YES;
				CLANG_WARN_BOOL_CONVERSION = YES;
				CLANG_WARN_COMMA = YES;
				CLANG_WARN_CONSTANT_CONVERSION = YES;
				CLANG_WARN_DEPRECATED_OBJC_IMPLEMENTATIONS = YES;
				CLANG_WARN_DIRECT_OBJC_ISA_USAGE = YES_ERROR;
				CLANG_WARN_DOCUMENTATION_COMMENTS = YES;
				CLANG_WARN_EMPTY_BODY = YES;
				CLANG_WARN_ENUM_CONVERSION = YES;
				CLANG_WARN_INFINITE_RECURSION = YES;
				CLANG_WARN_INT_CONVERSION = YES;
				CLANG_WARN_NON_LITERAL_NULL_CONVERSION = YES;
				CLANG_WARN_OBJC_IMPLICIT_RETAIN_SELF = YES;
				CLANG_WARN_OBJC_LITERAL_CONVERSION = YES;
				CLANG_WARN_OBJC_ROOT_CLASS = YES_ERROR;
				CLANG_WARN_QUOTED_INCLUDE_IN_FRAMEWORK_HEADER = YES;
				CLANG_WARN_RANGE_LOOP_ANALYSIS = YES;
				CLANG_WARN_STRICT_PROTOTYPES = YES;
				CLANG_WARN_SUSPICIOUS_MOVE = YES;
				CLANG_WARN_UNGUARDED_AVAILABILITY = YES_AGGRESSIVE;
				CLANG_WARN_UNREACHABLE_CODE = YES;
				CLANG_WARN__DUPLICATE_METHOD_MATCH = YES;
				COPY_PHASE_STRIP = NO;
				DEBUG_INFORMATION_FORMAT = dwarf;
				ENABLE_STRICT_OBJC_MSGSEND = YES;
				ENABLE_TESTABILITY = YES;
				GCC_C_LANGUAGE_STANDARD = gnu11;
				GCC_DYNAMIC_NO_PIC = NO;
				GCC_NO_COMMON_BLOCKS = YES;
				GCC_OPTIMIZATION_LEVEL = 0;
				GCC_PREPROCESSOR_DEFINITIONS = (
					"DEBUG=1",
					"$(inherited)",
				);
				GCC_WARN_64_TO_32_BIT_CONVERSION = YES;
				GCC_WARN_ABOUT_RETURN_TYPE = YES_ERROR;
				GCC_WARN_UNDECLARED_SELECTOR = YES;
				GCC_WARN_UNINITIALIZED_AUTOS = YES_AGGRESSIVE;
				GCC_WARN_UNUSED_FUNCTION = YES;
				GCC_WARN_UNUSED_VARIABLE = YES;
				IPHONEOS_DEPLOYMENT_TARGET = 14.4;
				MTL_ENABLE_DEBUG_INFO = INCLUDE_SOURCE;
				MTL_FAST_MATH = YES;
				ONLY_ACTIVE_ARCH = YES;
				SDKROOT = iphoneos;
				SWIFT_ACTIVE_COMPILATION_CONDITIONS = DEBUG;
				SWIFT_OPTIMIZATION_LEVEL = "-Onone";
			};
			name = Debug;
		};
		E55091A8269334E100BCE452 /* Release */ = {
			isa = XCBuildConfiguration;
			buildSettings = {
				ALWAYS_SEARCH_USER_PATHS = NO;
				CLANG_ANALYZER_NONNULL = YES;
				CLANG_ANALYZER_NUMBER_OBJECT_CONVERSION = YES_AGGRESSIVE;
				CLANG_CXX_LANGUAGE_STANDARD = "gnu++14";
				CLANG_CXX_LIBRARY = "libc++";
				CLANG_ENABLE_MODULES = YES;
				CLANG_ENABLE_OBJC_ARC = YES;
				CLANG_ENABLE_OBJC_WEAK = YES;
				CLANG_WARN_BLOCK_CAPTURE_AUTORELEASING = YES;
				CLANG_WARN_BOOL_CONVERSION = YES;
				CLANG_WARN_COMMA = YES;
				CLANG_WARN_CONSTANT_CONVERSION = YES;
				CLANG_WARN_DEPRECATED_OBJC_IMPLEMENTATIONS = YES;
				CLANG_WARN_DIRECT_OBJC_ISA_USAGE = YES_ERROR;
				CLANG_WARN_DOCUMENTATION_COMMENTS = YES;
				CLANG_WARN_EMPTY_BODY = YES;
				CLANG_WARN_ENUM_CONVERSION = YES;
				CLANG_WARN_INFINITE_RECURSION = YES;
				CLANG_WARN_INT_CONVERSION = YES;
				CLANG_WARN_NON_LITERAL_NULL_CONVERSION = YES;
				CLANG_WARN_OBJC_IMPLICIT_RETAIN_SELF = YES;
				CLANG_WARN_OBJC_LITERAL_CONVERSION = YES;
				CLANG_WARN_OBJC_ROOT_CLASS = YES_ERROR;
				CLANG_WARN_QUOTED_INCLUDE_IN_FRAMEWORK_HEADER = YES;
				CLANG_WARN_RANGE_LOOP_ANALYSIS = YES;
				CLANG_WARN_STRICT_PROTOTYPES = YES;
				CLANG_WARN_SUSPICIOUS_MOVE = YES;
				CLANG_WARN_UNGUARDED_AVAILABILITY = YES_AGGRESSIVE;
				CLANG_WARN_UNREACHABLE_CODE = YES;
				CLANG_WARN__DUPLICATE_METHOD_MATCH = YES;
				COPY_PHASE_STRIP = NO;
				DEBUG_INFORMATION_FORMAT = "dwarf-with-dsym";
				ENABLE_NS_ASSERTIONS = NO;
				ENABLE_STRICT_OBJC_MSGSEND = YES;
				GCC_C_LANGUAGE_STANDARD = gnu11;
				GCC_NO_COMMON_BLOCKS = YES;
				GCC_WARN_64_TO_32_BIT_CONVERSION = YES;
				GCC_WARN_ABOUT_RETURN_TYPE = YES_ERROR;
				GCC_WARN_UNDECLARED_SELECTOR = YES;
				GCC_WARN_UNINITIALIZED_AUTOS = YES_AGGRESSIVE;
				GCC_WARN_UNUSED_FUNCTION = YES;
				GCC_WARN_UNUSED_VARIABLE = YES;
				IPHONEOS_DEPLOYMENT_TARGET = 14.4;
				MTL_ENABLE_DEBUG_INFO = NO;
				MTL_FAST_MATH = YES;
				SDKROOT = iphoneos;
				SWIFT_COMPILATION_MODE = wholemodule;
				SWIFT_OPTIMIZATION_LEVEL = "-O";
				VALIDATE_PRODUCT = YES;
			};
			name = Release;
		};
		E55091AA269334E100BCE452 /* Debug */ = {
			isa = XCBuildConfiguration;
			buildSettings = {
				ASSETCATALOG_COMPILER_APPICON_NAME = AppIcon;
				ASSETCATALOG_COMPILER_GLOBAL_ACCENT_COLOR_NAME = AccentColor;
				CODE_SIGN_STYLE = Automatic;
				DEVELOPMENT_TEAM = R42K23F9JJ;
				INFOPLIST_FILE = "$(SRCROOT)/CryptoMe/app/Info.plist";
				IPHONEOS_DEPLOYMENT_TARGET = 13.0;
				LD_RUNPATH_SEARCH_PATHS = (
					"$(inherited)",
					"@executable_path/Frameworks",
				);
				PRODUCT_BUNDLE_IDENTIFIER = sample.CryptoMe;
				PRODUCT_NAME = "$(TARGET_NAME)";
				SWIFT_VERSION = 5.0;
				TARGETED_DEVICE_FAMILY = "1,2";
			};
			name = Debug;
		};
		E55091AB269334E100BCE452 /* Release */ = {
			isa = XCBuildConfiguration;
			buildSettings = {
				ASSETCATALOG_COMPILER_APPICON_NAME = AppIcon;
				ASSETCATALOG_COMPILER_GLOBAL_ACCENT_COLOR_NAME = AccentColor;
				CODE_SIGN_STYLE = Automatic;
				DEVELOPMENT_TEAM = R42K23F9JJ;
				INFOPLIST_FILE = "$(SRCROOT)/CryptoMe/app/Info.plist";
				IPHONEOS_DEPLOYMENT_TARGET = 13.0;
				LD_RUNPATH_SEARCH_PATHS = (
					"$(inherited)",
					"@executable_path/Frameworks",
				);
				PRODUCT_BUNDLE_IDENTIFIER = sample.CryptoMe;
				PRODUCT_NAME = "$(TARGET_NAME)";
				SWIFT_VERSION = 5.0;
				TARGETED_DEVICE_FAMILY = "1,2";
			};
			name = Release;
		};
		E55091AD269334E100BCE452 /* Debug */ = {
			isa = XCBuildConfiguration;
			buildSettings = {
				ALWAYS_EMBED_SWIFT_STANDARD_LIBRARIES = YES;
				BUNDLE_LOADER = "$(TEST_HOST)";
				CODE_SIGN_STYLE = Automatic;
				DEVELOPMENT_TEAM = R42K23F9JJ;
				INFOPLIST_FILE = CryptoMeTests/Info.plist;
				IPHONEOS_DEPLOYMENT_TARGET = 14.4;
				LD_RUNPATH_SEARCH_PATHS = (
					"$(inherited)",
					"@executable_path/Frameworks",
					"@loader_path/Frameworks",
				);
				PRODUCT_BUNDLE_IDENTIFIER = sample.CryptoMeTests;
				PRODUCT_NAME = "$(TARGET_NAME)";
				SWIFT_VERSION = 5.0;
				TARGETED_DEVICE_FAMILY = "1,2";
				TEST_HOST = "$(BUILT_PRODUCTS_DIR)/CryptoMe.app/CryptoMe";
			};
			name = Debug;
		};
		E55091AE269334E100BCE452 /* Release */ = {
			isa = XCBuildConfiguration;
			buildSettings = {
				ALWAYS_EMBED_SWIFT_STANDARD_LIBRARIES = YES;
				BUNDLE_LOADER = "$(TEST_HOST)";
				CODE_SIGN_STYLE = Automatic;
				DEVELOPMENT_TEAM = R42K23F9JJ;
				INFOPLIST_FILE = CryptoMeTests/Info.plist;
				IPHONEOS_DEPLOYMENT_TARGET = 14.4;
				LD_RUNPATH_SEARCH_PATHS = (
					"$(inherited)",
					"@executable_path/Frameworks",
					"@loader_path/Frameworks",
				);
				PRODUCT_BUNDLE_IDENTIFIER = sample.CryptoMeTests;
				PRODUCT_NAME = "$(TARGET_NAME)";
				SWIFT_VERSION = 5.0;
				TARGETED_DEVICE_FAMILY = "1,2";
				TEST_HOST = "$(BUILT_PRODUCTS_DIR)/CryptoMe.app/CryptoMe";
			};
			name = Release;
		};
		E55091B0269334E100BCE452 /* Debug */ = {
			isa = XCBuildConfiguration;
			buildSettings = {
				ALWAYS_EMBED_SWIFT_STANDARD_LIBRARIES = YES;
				CODE_SIGN_STYLE = Automatic;
				DEVELOPMENT_TEAM = R42K23F9JJ;
				INFOPLIST_FILE = CryptoMeUITests/Info.plist;
				LD_RUNPATH_SEARCH_PATHS = (
					"$(inherited)",
					"@executable_path/Frameworks",
					"@loader_path/Frameworks",
				);
				PRODUCT_BUNDLE_IDENTIFIER = sample.CryptoMeUITests;
				PRODUCT_NAME = "$(TARGET_NAME)";
				SWIFT_VERSION = 5.0;
				TARGETED_DEVICE_FAMILY = "1,2";
				TEST_TARGET_NAME = CryptoMe;
			};
			name = Debug;
		};
		E55091B1269334E100BCE452 /* Release */ = {
			isa = XCBuildConfiguration;
			buildSettings = {
				ALWAYS_EMBED_SWIFT_STANDARD_LIBRARIES = YES;
				CODE_SIGN_STYLE = Automatic;
				DEVELOPMENT_TEAM = R42K23F9JJ;
				INFOPLIST_FILE = CryptoMeUITests/Info.plist;
				LD_RUNPATH_SEARCH_PATHS = (
					"$(inherited)",
					"@executable_path/Frameworks",
					"@loader_path/Frameworks",
				);
				PRODUCT_BUNDLE_IDENTIFIER = sample.CryptoMeUITests;
				PRODUCT_NAME = "$(TARGET_NAME)";
				SWIFT_VERSION = 5.0;
				TARGETED_DEVICE_FAMILY = "1,2";
				TEST_TARGET_NAME = CryptoMe;
			};
			name = Release;
		};
/* End XCBuildConfiguration section */

/* Begin XCConfigurationList section */
		E550917A269334E000BCE452 /* Build configuration list for PBXProject "CryptoMe" */ = {
			isa = XCConfigurationList;
			buildConfigurations = (
				E55091A7269334E100BCE452 /* Debug */,
				E55091A8269334E100BCE452 /* Release */,
			);
			defaultConfigurationIsVisible = 0;
			defaultConfigurationName = Release;
		};
		E55091A9269334E100BCE452 /* Build configuration list for PBXNativeTarget "CryptoMe" */ = {
			isa = XCConfigurationList;
			buildConfigurations = (
				E55091AA269334E100BCE452 /* Debug */,
				E55091AB269334E100BCE452 /* Release */,
			);
			defaultConfigurationIsVisible = 0;
			defaultConfigurationName = Release;
		};
		E55091AC269334E100BCE452 /* Build configuration list for PBXNativeTarget "CryptoMeTests" */ = {
			isa = XCConfigurationList;
			buildConfigurations = (
				E55091AD269334E100BCE452 /* Debug */,
				E55091AE269334E100BCE452 /* Release */,
			);
			defaultConfigurationIsVisible = 0;
			defaultConfigurationName = Release;
		};
		E55091AF269334E100BCE452 /* Build configuration list for PBXNativeTarget "CryptoMeUITests" */ = {
			isa = XCConfigurationList;
			buildConfigurations = (
				E55091B0269334E100BCE452 /* Debug */,
				E55091B1269334E100BCE452 /* Release */,
			);
			defaultConfigurationIsVisible = 0;
			defaultConfigurationName = Release;
		};
/* End XCConfigurationList section */

/* Begin XCRemoteSwiftPackageReference section */
		E52C92CE2694976B0076325A /* XCRemoteSwiftPackageReference "lottie-ios" */ = {
			isa = XCRemoteSwiftPackageReference;
			repositoryURL = "https://github.com/airbnb/lottie-ios";
			requirement = {
				kind = upToNextMajorVersion;
				minimumVersion = 3.2.3;
			};
		};
		E5D1EEA726933B2200B2D816 /* XCRemoteSwiftPackageReference "Moya" */ = {
			isa = XCRemoteSwiftPackageReference;
			repositoryURL = "https://github.com/Moya/Moya";
			requirement = {
				kind = upToNextMajorVersion;
				minimumVersion = 14.0.1;
			};
		};
		E5D1EEB1269341C700B2D816 /* XCRemoteSwiftPackageReference "Reqres" */ = {
			isa = XCRemoteSwiftPackageReference;
			repositoryURL = "https://github.com/AckeeCZ/Reqres";
			requirement = {
				kind = upToNextMajorVersion;
				minimumVersion = 3.1.1;
			};
		};
		E5D1EEB72693443F00B2D816 /* XCRemoteSwiftPackageReference "SnapKit" */ = {
			isa = XCRemoteSwiftPackageReference;
			repositoryURL = "https://github.com/SnapKit/SnapKit";
			requirement = {
				kind = upToNextMajorVersion;
				minimumVersion = 5.0.1;
			};
		};
/* End XCRemoteSwiftPackageReference section */

/* Begin XCSwiftPackageProductDependency section */
		E52C92CF2694976B0076325A /* Lottie */ = {
			isa = XCSwiftPackageProductDependency;
			package = E52C92CE2694976B0076325A /* XCRemoteSwiftPackageReference "lottie-ios" */;
			productName = Lottie;
		};
		E5D1EEA826933B2200B2D816 /* Moya */ = {
			isa = XCSwiftPackageProductDependency;
			package = E5D1EEA726933B2200B2D816 /* XCRemoteSwiftPackageReference "Moya" */;
			productName = Moya;
		};
		E5D1EEAA26933B2200B2D816 /* ReactiveMoya */ = {
			isa = XCSwiftPackageProductDependency;
			package = E5D1EEA726933B2200B2D816 /* XCRemoteSwiftPackageReference "Moya" */;
			productName = ReactiveMoya;
		};
		E5D1EEAC26933B2200B2D816 /* RxMoya */ = {
			isa = XCSwiftPackageProductDependency;
			package = E5D1EEA726933B2200B2D816 /* XCRemoteSwiftPackageReference "Moya" */;
			productName = RxMoya;
		};
		E5D1EEB2269341C700B2D816 /* Reqres */ = {
			isa = XCSwiftPackageProductDependency;
			package = E5D1EEB1269341C700B2D816 /* XCRemoteSwiftPackageReference "Reqres" */;
			productName = Reqres;
		};
		E5D1EEB82693443F00B2D816 /* SnapKit */ = {
			isa = XCSwiftPackageProductDependency;
			package = E5D1EEB72693443F00B2D816 /* XCRemoteSwiftPackageReference "SnapKit" */;
			productName = SnapKit;
		};
/* End XCSwiftPackageProductDependency section */
	};
	rootObject = E5509177269334E000BCE452 /* Project object */;
}
